
Microsoft Visual Studio Solution File, Format Version 12.00
# Visual Studio Version 17
VisualStudioVersion = 17.7.34024.191
MinimumVisualStudioVersion = 10.0.40219.1
Project("{FAE04EC0-301F-11D3-BF4B-00C04F79EFBC}") = "libreriaClases", "libreriaClases\libreriaClases.csproj", "{A535C51A-3EBE-4F93-AA56-9ACF589E4E36}"
EndProject
Project("{FAE04EC0-301F-11D3-BF4B-00C04F79EFBC}") = "Forms", "Forms2\Forms.csproj", "{4DF004F8-2450-4750-B4D4-A2AC9FAC343E}"
EndProject
Project("{FAE04EC0-301F-11D3-BF4B-00C04F79EFBC}") = "Generic", "Generic\Generic.csproj", "{704375F8-8CF5-4029-A67E-0207E11F08E2}"
EndProject
Project("{FAE04EC0-301F-11D3-BF4B-00C04F79EFBC}") = "Testing", "Testing\Testing.csproj", "{9C078149-D814-4E0E-A422-9CA15159F414}"
EndProject
Global
	GlobalSection(SolutionConfigurationPlatforms) = preSolution
		Debug|Any CPU = Debug|Any CPU
		Release|Any CPU = Release|Any CPU
	EndGlobalSection
	GlobalSection(ProjectConfigurationPlatforms) = postSolution
		{A535C51A-3EBE-4F93-AA56-9ACF589E4E36}.Debug|Any CPU.ActiveCfg = Debug|Any CPU
		{A535C51A-3EBE-4F93-AA56-9ACF589E4E36}.Debug|Any CPU.Build.0 = Debug|Any CPU
		{A535C51A-3EBE-4F93-AA56-9ACF589E4E36}.Release|Any CPU.ActiveCfg = Release|Any CPU
		{A535C51A-3EBE-4F93-AA56-9ACF589E4E36}.Release|Any CPU.Build.0 = Release|Any CPU
		{4DF004F8-2450-4750-B4D4-A2AC9FAC343E}.Debug|Any CPU.ActiveCfg = Debug|Any CPU
		{4DF004F8-2450-4750-B4D4-A2AC9FAC343E}.Debug|Any CPU.Build.0 = Debug|Any CPU
		{4DF004F8-2450-4750-B4D4-A2AC9FAC343E}.Release|Any CPU.ActiveCfg = Release|Any CPU
		{4DF004F8-2450-4750-B4D4-A2AC9FAC343E}.Release|Any CPU.Build.0 = Release|Any CPU
		{704375F8-8CF5-4029-A67E-0207E11F08E2}.Debug|Any CPU.ActiveCfg = Debug|Any CPU
		{704375F8-8CF5-4029-A67E-0207E11F08E2}.Debug|Any CPU.Build.0 = Debug|Any CPU
		{704375F8-8CF5-4029-A67E-0207E11F08E2}.Release|Any CPU.ActiveCfg = Release|Any CPU
		{704375F8-8CF5-4029-A67E-0207E11F08E2}.Release|Any CPU.Build.0 = Release|Any CPU
		{9C078149-D814-4E0E-A422-9CA15159F414}.Debug|Any CPU.ActiveCfg = Debug|Any CPU
		{9C078149-D814-4E0E-A422-9CA15159F414}.Debug|Any CPU.Build.0 = Debug|Any CPU
		{9C078149-D814-4E0E-A422-9CA15159F414}.Release|Any CPU.ActiveCfg = Release|Any CPU
		{9C078149-D814-4E0E-A422-9CA15159F414}.Release|Any CPU.Build.0 = Release|Any CPU
	EndGlobalSection
	GlobalSection(SolutionProperties) = preSolution
		HideSolutionNode = FALSE
	EndGlobalSection
	GlobalSection(ExtensibilityGlobals) = postSolution
		SolutionGuid = {99BE27C6-8491-4663-AC49-F596DD84EE52}
	EndGlobalSection
EndGlobal
